
Microsoft Visual Studio Solution File, Format Version 12.00
# Visual Studio Version 16
VisualStudioVersion = 16.0.31424.327
MinimumVisualStudioVersion = 10.0.40219.1
Project("{FAE04EC0-301F-11D3-BF4B-00C04F79EFBC}") = "Test", "Test\Test.csproj", "{6CD99335-83E4-4C50-BE87-6BB923449579}"
EndProject
Global
	GlobalSection(SolutionConfigurationPlatforms) = preSolution
		Debug|Any CPU = Debug|Any CPU
		Release|Any CPU = Release|Any CPU
	EndGlobalSection
	GlobalSection(ProjectConfigurationPlatforms) = postSolution
		{6CD99335-83E4-4C50-BE87-6BB923449579}.Debug|Any CPU.ActiveCfg = Debug|Any CPU
		{6CD99335-83E4-4C50-BE87-6BB923449579}.Debug|Any CPU.Build.0 = Debug|Any CPU
		{6CD99335-83E4-4C50-BE87-6BB923449579}.Release|Any CPU.ActiveCfg = Release|Any CPU
		{6CD99335-83E4-4C50-BE87-6BB923449579}.Release|Any CPU.Build.0 = Release|Any CPU
	EndGlobalSection
	GlobalSection(SolutionProperties) = preSolution
		HideSolutionNode = FALSE
	EndGlobalSection
	GlobalSection(ExtensibilityGlobals) = postSolution
		SolutionGuid = {47334F63-4BBC-4AF5-A36D-2A2CDC1666A0}
	EndGlobalSection
EndGlobal
